github.com/dimonrus/gocli v0.3.1 h1:HUNDSFkp0iO6jS+47v3rjB1LIoXXpBI/nJcKTij9lRw=
github.com/dimonrus/gocli v0.3.1/go.mod h1:aTZ7+TKbSKueFuCWgvZ3kviaCO0qMog2fSOnG0nFBWE=
github.com/dimonrus/gorest v0.7.2 h1:BubShQxMKFS21Q++tCb2RpetGldhzdYhm9L2aTUYoN0=
github.com/dimonrus/gorest v0.7.2/go.mod h1:+2pp+2z0P/RPzBCBTr98qUC6pwgAJduARF9+ynI++Pk=
github.com/dimonrus/porterr v1.6.0/go.mod h1:BCVpaUyYdawPPzeAa8yjCYvemctND1I9ER/nFnOyDgQ=
github.com/dimonrus/porterr v1.7.0 h1:3BUcnauukI1aKRIRR73MmL7hIE1TkmsJmWarvKJBaU4=
github.com/dimonrus/porterr v1.7.0/go.mod h1:BCVpaUyYdawPPzeAa8yjCYvemctND1I9ER/nFnOyDgQ=
gopkg.in/check.v1 v0.0.0-20161208181325-20d25e280405/go.mod h1:Co6ibVJAznAaIkqp8huTwlJQCZ016jof/cbN4VW5Yz0=
gopkg.in/yaml.v2 v2.2.7 h1:VUgggvou5XRW9mHwD/yXxIYSMtY0zoKQf/v226p2nyo=
gopkg.in/yaml.v2 v2.2.7/go.mod h1:hI93XBmqTisBFMUTm0b8Fm+jr3Dg1NNxqwp+5A1VGuI=
