github.com/dimonrus/gocli v0.13.1 h1:9/PgrJ/0H8Bkf46hmwKSBjyKx1ZrweBhdEzgtmC2N/w=
github.com/dimonrus/gocli v0.13.1/go.mod h1:0YKFk5A3bOG62ruebjXHX4K9oC1hKXZKJ4zaBPrSd2I=
github.com/dimonrus/gohelp v1.7.0 h1:orj76zO3xZMsYe4iI5zOg3yFnSn/D4Es22HhwPcaGL4=
github.com/dimonrus/gohelp v1.7.0/go.mod h1:0zBPZxKW6rn2NEMWiCxyswKTdqM6UnSFrbR5H846ujk=
github.com/dimonrus/gorest v0.8.9 h1://zef7S/awqf659CHVxo34fYhf57h48iG3Fj/3JhMfw=
github.com/dimonrus/gorest v0.8.9/go.mod h1:KlX8/bvLEwZfl0fFYM9G00HOhii046Qevs0XhZ5ZlyM=
github.com/dimonrus/porterr v1.13.1 h1:hToohI8rweDANCJSiHBP7XXTWwU48yjoYY+/4WoWAQY=
github.com/dimonrus/porterr v1.13.1/go.mod h1:BCVpaUyYdawPPzeAa8yjCYvemctND1I9ER/nFnOyDgQ=
golang.org/x/net v0.47.0 h1:Mx+4dIFzqraBXUugkia1OOvlD6LemFo1ALMHjrXDOhY=
golang.org/x/net v0.47.0/go.mod h1:/jNxtkgq5yWUGYkaZGqo27cfGZ1c5Nen03aYrrKpVRU=
golang.org/x/text v0.31.0 h1:aC8ghyu4JhP8VojJ2lEHBnochRno1sgL6nEi9WGFGMM=
golang.org/x/text v0.31.0/go.mod h1:tKRAlv61yKIjGGHX/4tP1LTbc13YSec1pxVEWXzfoeM=
gopkg.in/check.v1 v0.0.0-20161208181325-20d25e280405 h1:yhCVgyC4o1eVCa2tZl7eS0r+SDo693bJlVdllGtEeKM=
gopkg.in/check.v1 v0.0.0-20161208181325-20d25e280405/go.mod h1:Co6ibVJAznAaIkqp8huTwlJQCZ016jof/cbN4VW5Yz0=
gopkg.in/yaml.v3 v3.0.1 h1:fxVm/GzAzEWqLHuvctI91KS9hhNmmWOoWu0XTYJS7CA=
gopkg.in/yaml.v3 v3.0.1/go.mod h1:K4uyk7z7BCEPqu6E+C64Yfv1cQ7kz7rIZviUmN+EgEM=
