github.com/dimonrus/gocli v0.3.0 h1:2L3XM2objg/yUeE33kG4vwkuTb1lGpWK5uuVCrQGtP8=
github.com/dimonrus/gocli v0.3.0/go.mod h1:CEYC5mhEb62WueiOtYXcNV2SeLS299qyu36txRF+fYU=
github.com/dimonrus/gorest v0.7.0 h1:0ehayqPDFYnawgIvucuBoRd5zhGKjKi+CrUVnwRMe1I=
github.com/dimonrus/gorest v0.7.0/go.mod h1:+2pp+2z0P/RPzBCBTr98qUC6pwgAJduARF9+ynI++Pk=
github.com/dimonrus/porterr v1.6.0 h1:IsPmEiU2UkRAAnGUjM/L+1lx4fQEORTzuOEyh1CsCRE=
github.com/dimonrus/porterr v1.6.0/go.mod h1:BCVpaUyYdawPPzeAa8yjCYvemctND1I9ER/nFnOyDgQ=
github.com/dimonrus/rest v0.0.0-20190616161008-5f98da85e020 h1:ml2hBcxd9brKddMd2i/ONTcSQfYjZv8XkiuKV5IEaUQ=
github.com/dimonrus/rest v0.0.0-20190616161008-5f98da85e020/go.mod h1:Xwh/7vbXHE5vCQ9kC/Tr/C5igNkcmNZUBf9h587qVjE=
gopkg.in/check.v1 v0.0.0-20161208181325-20d25e280405/go.mod h1:Co6ibVJAznAaIkqp8huTwlJQCZ016jof/cbN4VW5Yz0=
gopkg.in/yaml.v2 v2.2.2 h1:ZCJp+EgiOT7lHqUV2J862kp8Qj64Jo6az82+3Td9dZw=
gopkg.in/yaml.v2 v2.2.2/go.mod h1:hI93XBmqTisBFMUTm0b8Fm+jr3Dg1NNxqwp+5A1VGuI=
